<?xml version="1.0" encoding="utf-8"?>
<Project ToolsVersion="4.0" xmlns="http://schemas.microsoft.com/developer/msbuild/2003">
  <ItemGroup>
    <Filter Include="Source Files">
      <UniqueIdentifier>{0c73f9a4-b196-4494-a133-7bf25badfe0b}</UniqueIdentifier>
    </Filter>
    <Filter Include="Generated Files">
      <UniqueIdentifier>{43f86bf2-6fec-4714-a56e-0e07adf5c24a}</UniqueIdentifier>
      <SourceControlFiles>False</SourceControlFiles>
    </Filter>
  </ItemGroup>
  <ItemGroup>
    <None Include="myCOMShopps.def" />
  </ItemGroup>
  <ItemGroup>
    <ClCompile Include="myCOMShop_i.c">
      <Filter>Generated Files</Filter>
    </ClCompile>
    <ClCompile Include="myCOMShop_p.c">
      <Filter>Generated Files</Filter>
    </ClCompile>
    <ClCompile Include="dlldata.c">
      <Filter>Generated Files</Filter>
    </ClCompile>
  </ItemGroup>
</Project>